
Microsoft Visual Studio Solution File, Format Version 12.00
# Visual Studio Version 17
VisualStudioVersion = 17.6.33723.286
MinimumVisualStudioVersion = 10.0.40219.1
Project("{FAE04EC0-301F-11D3-BF4B-00C04F79EFBC}") = "DummyApi", "DummyApi.csproj", "{EA764824-DD3B-4717-8E8E-1DE69141AF33}"
EndProject
Global
	GlobalSection(SolutionConfigurationPlatforms) = preSolution
		Debug|Any CPU = Debug|Any CPU
		Release|Any CPU = Release|Any CPU
	EndGlobalSection
	GlobalSection(ProjectConfigurationPlatforms) = postSolution
		{EA764824-DD3B-4717-8E8E-1DE69141AF33}.Debug|Any CPU.ActiveCfg = Debug|Any CPU
		{EA764824-DD3B-4717-8E8E-1DE69141AF33}.Debug|Any CPU.Build.0 = Debug|Any CPU
		{EA764824-DD3B-4717-8E8E-1DE69141AF33}.Release|Any CPU.ActiveCfg = Release|Any CPU
		{EA764824-DD3B-4717-8E8E-1DE69141AF33}.Release|Any CPU.Build.0 = Release|Any CPU
	EndGlobalSection
	GlobalSection(SolutionProperties) = preSolution
		HideSolutionNode = FALSE
	EndGlobalSection
	GlobalSection(ExtensibilityGlobals) = postSolution
		SolutionGuid = {5127520F-E762-404C-9656-1DBDD86CB638}
	EndGlobalSection
EndGlobal
